// !$*UTF8*$!
{
	archiveVersion = 1;
	classes = {
	};
	objectVersion = 46;
	objects = {

/* Begin PBXBuildFile section */
		3621B9551DFCDF570003ABB3 /* Result.framework in Frameworks */ = {isa = PBXBuildFile; fileRef = 3621B9521DFCDF570003ABB3 /* Result.framework */; };
		3621B9561DFCDF570003ABB3 /* ReactiveSwift.framework in Frameworks */ = {isa = PBXBuildFile; fileRef = 3621B9531DFCDF570003ABB3 /* ReactiveSwift.framework */; };
		3621B9571DFCDF570003ABB3 /* ReactiveCocoa.framework in Frameworks */ = {isa = PBXBuildFile; fileRef = 3621B9541DFCDF570003ABB3 /* ReactiveCocoa.framework */; };
		3621B9591DFCDF610003ABB3 /* Result.framework in Embed Frameworks */ = {isa = PBXBuildFile; fileRef = 3621B9521DFCDF570003ABB3 /* Result.framework */; settings = {ATTRIBUTES = (CodeSignOnCopy, RemoveHeadersOnCopy, ); }; };
		3621B95B1DFCDF610003ABB3 /* ReactiveSwift.framework in Embed Frameworks */ = {isa = PBXBuildFile; fileRef = 3621B9531DFCDF570003ABB3 /* ReactiveSwift.framework */; settings = {ATTRIBUTES = (CodeSignOnCopy, RemoveHeadersOnCopy, ); }; };
		3621B95D1DFCDF610003ABB3 /* ReactiveCocoa.framework in Embed Frameworks */ = {isa = PBXBuildFile; fileRef = 3621B9541DFCDF570003ABB3 /* ReactiveCocoa.framework */; settings = {ATTRIBUTES = (CodeSignOnCopy, RemoveHeadersOnCopy, ); }; };
		3621B9631DFD8BBD0003ABB3 /* ProxySettingManager.swift in Sources */ = {isa = PBXBuildFile; fileRef = 3621B9621DFD8BBD0003ABB3 /* ProxySettingManager.swift */; };
		36A719721D5C4B5600DC35F5 /* dsa_pub.pem in Resources */ = {isa = PBXBuildFile; fileRef = 36A719701D5C4B5100DC35F5 /* dsa_pub.pem */; };
		36A7197E1D5C5B9200DC35F5 /* CocoaAsyncSocket.framework in Frameworks */ = {isa = PBXBuildFile; fileRef = 36A719731D5C5B9200DC35F5 /* CocoaAsyncSocket.framework */; };
		36A7197F1D5C5B9200DC35F5 /* CocoaAsyncSocket.framework in Embed Frameworks */ = {isa = PBXBuildFile; fileRef = 36A719731D5C5B9200DC35F5 /* CocoaAsyncSocket.framework */; settings = {ATTRIBUTES = (CodeSignOnCopy, RemoveHeadersOnCopy, ); }; };
		36A719801D5C5B9200DC35F5 /* CocoaLumberjack.framework in Frameworks */ = {isa = PBXBuildFile; fileRef = 36A719741D5C5B9200DC35F5 /* CocoaLumberjack.framework */; };
		36A719811D5C5B9200DC35F5 /* CocoaLumberjack.framework in Embed Frameworks */ = {isa = PBXBuildFile; fileRef = 36A719741D5C5B9200DC35F5 /* CocoaLumberjack.framework */; settings = {ATTRIBUTES = (CodeSignOnCopy, RemoveHeadersOnCopy, ); }; };
		36A719821D5C5B9200DC35F5 /* CocoaLumberjackSwift.framework in Frameworks */ = {isa = PBXBuildFile; fileRef = 36A719751D5C5B9200DC35F5 /* CocoaLumberjackSwift.framework */; };
		36A719831D5C5B9200DC35F5 /* CocoaLumberjackSwift.framework in Embed Frameworks */ = {isa = PBXBuildFile; fileRef = 36A719751D5C5B9200DC35F5 /* CocoaLumberjackSwift.framework */; settings = {ATTRIBUTES = (CodeSignOnCopy, RemoveHeadersOnCopy, ); }; };
		36A719861D5C5B9200DC35F5 /* lwip.framework in Frameworks */ = {isa = PBXBuildFile; fileRef = 36A719771D5C5B9200DC35F5 /* lwip.framework */; };
		36A719871D5C5B9200DC35F5 /* lwip.framework in Embed Frameworks */ = {isa = PBXBuildFile; fileRef = 36A719771D5C5B9200DC35F5 /* lwip.framework */; settings = {ATTRIBUTES = (CodeSignOnCopy, RemoveHeadersOnCopy, ); }; };
		36A719881D5C5B9200DC35F5 /* MMDB.framework in Frameworks */ = {isa = PBXBuildFile; fileRef = 36A719781D5C5B9200DC35F5 /* MMDB.framework */; };
		36A719891D5C5B9200DC35F5 /* MMDB.framework in Embed Frameworks */ = {isa = PBXBuildFile; fileRef = 36A719781D5C5B9200DC35F5 /* MMDB.framework */; settings = {ATTRIBUTES = (CodeSignOnCopy, RemoveHeadersOnCopy, ); }; };
		36A7198A1D5C5B9200DC35F5 /* NEKit.framework in Frameworks */ = {isa = PBXBuildFile; fileRef = 36A719791D5C5B9200DC35F5 /* NEKit.framework */; };
		36A7198B1D5C5B9200DC35F5 /* NEKit.framework in Embed Frameworks */ = {isa = PBXBuildFile; fileRef = 36A719791D5C5B9200DC35F5 /* NEKit.framework */; settings = {ATTRIBUTES = (CodeSignOnCopy, RemoveHeadersOnCopy, ); }; };
		36A7198C1D5C5B9200DC35F5 /* Sodium.framework in Frameworks */ = {isa = PBXBuildFile; fileRef = 36A7197A1D5C5B9200DC35F5 /* Sodium.framework */; };
		36A7198D1D5C5B9200DC35F5 /* Sodium.framework in Embed Frameworks */ = {isa = PBXBuildFile; fileRef = 36A7197A1D5C5B9200DC35F5 /* Sodium.framework */; settings = {ATTRIBUTES = (CodeSignOnCopy, RemoveHeadersOnCopy, ); }; };
		36A7198E1D5C5B9200DC35F5 /* Sparkle.framework in Frameworks */ = {isa = PBXBuildFile; fileRef = 36A7197B1D5C5B9200DC35F5 /* Sparkle.framework */; };
		36A7198F1D5C5B9200DC35F5 /* Sparkle.framework in Embed Frameworks */ = {isa = PBXBuildFile; fileRef = 36A7197B1D5C5B9200DC35F5 /* Sparkle.framework */; settings = {ATTRIBUTES = (CodeSignOnCopy, RemoveHeadersOnCopy, ); }; };
		36A719901D5C5B9200DC35F5 /* tun2socks.framework in Frameworks */ = {isa = PBXBuildFile; fileRef = 36A7197C1D5C5B9200DC35F5 /* tun2socks.framework */; };
		36A719911D5C5B9200DC35F5 /* tun2socks.framework in Embed Frameworks */ = {isa = PBXBuildFile; fileRef = 36A7197C1D5C5B9200DC35F5 /* tun2socks.framework */; settings = {ATTRIBUTES = (CodeSignOnCopy, RemoveHeadersOnCopy, ); }; };
		36A719921D5C5B9200DC35F5 /* Yaml.framework in Frameworks */ = {isa = PBXBuildFile; fileRef = 36A7197D1D5C5B9200DC35F5 /* Yaml.framework */; };
		36A719931D5C5B9200DC35F5 /* Yaml.framework in Embed Frameworks */ = {isa = PBXBuildFile; fileRef = 36A7197D1D5C5B9200DC35F5 /* Yaml.framework */; settings = {ATTRIBUTES = (CodeSignOnCopy, RemoveHeadersOnCopy, ); }; };
		36A719BF1D5F0A9400DC35F5 /* PreferenceManager.swift in Sources */ = {isa = PBXBuildFile; fileRef = 36A719BE1D5F0A9400DC35F5 /* PreferenceManager.swift */; };
		36A719DD1D6178E500DC35F5 /* AppDelegate.m in Sources */ = {isa = PBXBuildFile; fileRef = 36A719DC1D6178E500DC35F5 /* AppDelegate.m */; };
		36A719E01D6178E500DC35F5 /* main.m in Sources */ = {isa = PBXBuildFile; fileRef = 36A719DF1D6178E500DC35F5 /* main.m */; };
		36A719E21D6178E500DC35F5 /* Assets.xcassets in Resources */ = {isa = PBXBuildFile; fileRef = 36A719E11D6178E500DC35F5 /* Assets.xcassets */; };
		36A719E51D6178E500DC35F5 /* MainMenu.xib in Resources */ = {isa = PBXBuildFile; fileRef = 36A719E31D6178E500DC35F5 /* MainMenu.xib */; };
		36A719EA1D61791900DC35F5 /* SpechtLiteLaunchHelper.app in CopyFiles */ = {isa = PBXBuildFile; fileRef = 36A719D91D6178E500DC35F5 /* SpechtLiteLaunchHelper.app */; settings = {ATTRIBUTES = (RemoveHeadersOnCopy, ); }; };
		36A719EC1D617A4A00DC35F5 /* AutostartManager.swift in Sources */ = {isa = PBXBuildFile; fileRef = 36A719EB1D617A4A00DC35F5 /* AutostartManager.swift */; };
		36A719F51D63FB3500DC35F5 /* Credits.rtf in Resources */ = {isa = PBXBuildFile; fileRef = 36A719F41D63FB3500DC35F5 /* Credits.rtf */; };
		36B2ACDC1DE0947C00BD2C3D /* MenuBarController.swift in Sources */ = {isa = PBXBuildFile; fileRef = 36B2ACDB1DE0947C00BD2C3D /* MenuBarController.swift */; };
		36B2ACDE1DE095E400BD2C3D /* ProfileManager.swift in Sources */ = {isa = PBXBuildFile; fileRef = 36B2ACDD1DE095E400BD2C3D /* ProfileManager.swift */; };
		36B2ACE01DE096AC00BD2C3D /* Opt.swift in Sources */ = {isa = PBXBuildFile; fileRef = 36B2ACDF1DE096AC00BD2C3D /* Opt.swift */; };
		36B2ACE31DE0979C00BD2C3D /* Utils.swift in Sources */ = {isa = PBXBuildFile; fileRef = 36B2ACE21DE0979C00BD2C3D /* Utils.swift */; };
		36B2ACE51DE2EA4A00BD2C3D /* LoggerManager.swift in Sources */ = {isa = PBXBuildFile; fileRef = 36B2ACE41DE2EA4A00BD2C3D /* LoggerManager.swift */; };
		36B2ACE71DE33A5600BD2C3D /* UpdateManager.swift in Sources */ = {isa = PBXBuildFile; fileRef = 36B2ACE61DE33A5600BD2C3D /* UpdateManager.swift */; };
		36B2ACEA1DE355C600BD2C3D /* Resolver.framework in Frameworks */ = {isa = PBXBuildFile; fileRef = 36B2ACE91DE355C600BD2C3D /* Resolver.framework */; };
		36B2ACEB1DE355C600BD2C3D /* Resolver.framework in Embed Frameworks */ = {isa = PBXBuildFile; fileRef = 36B2ACE91DE355C600BD2C3D /* Resolver.framework */; settings = {ATTRIBUTES = (CodeSignOnCopy, RemoveHeadersOnCopy, ); }; };
		36B6A3371E263BA3002B5B1D /* ProxyConfig in Resources */ = {isa = PBXBuildFile; fileRef = 36B6A3321E2635FE002B5B1D /* ProxyConfig */; };
		36BA0BF31D599FF40074BEBF /* AppDelegate.swift in Sources */ = {isa = PBXBuildFile; fileRef = 36BA0BF21D599FF40074BEBF /* AppDelegate.swift */; };
		36BA0BF51D599FF40074BEBF /* Assets.xcassets in Resources */ = {isa = PBXBuildFile; fileRef = 36BA0BF41D599FF40074BEBF /* Assets.xcassets */; };
		36BA0BF81D599FF40074BEBF /* MainMenu.xib in Resources */ = {isa = PBXBuildFile; fileRef = 36BA0BF61D599FF40074BEBF /* MainMenu.xib */; };
		C83FB9621D753D3300718382 /* SPObserverFactory.swift in Sources */ = {isa = PBXBuildFile; fileRef = C83FB9611D753D3300718382 /* SPObserverFactory.swift */; };
		C8A7E13D1D66FC8E00E713F5 /* install_proxy_helper.sh in Resources */ = {isa = PBXBuildFile; fileRef = C8A7E13B1D66FC8E00E713F5 /* install_proxy_helper.sh */; };
		C8A7E13E1D66FC8E00E713F5 /* ProxyHelper.swift in Sources */ = {isa = PBXBuildFile; fileRef = C8A7E13C1D66FC8E00E713F5 /* ProxyHelper.swift */; };
/* End PBXBuildFile section */

/* Begin PBXContainerItemProxy section */
		3629507A1D6B4536001A30F6 /* PBXContainerItemProxy */ = {
			isa = PBXContainerItemProxy;
			containerPortal = 36BA0BE71D599FF40074BEBF /* Project object */;
			proxyType = 1;
			remoteGlobalIDString = 36A719D81D6178E500DC35F5;
			remoteInfo = SpechtLiteLaunchHelper;
		};
		36B6A3311E2635FE002B5B1D /* PBXContainerItemProxy */ = {
			isa = PBXContainerItemProxy;
			containerPortal = 36B6A32D1E2635FE002B5B1D /* ProxyConfig.xcodeproj */;
			proxyType = 2;
			remoteGlobalIDString = 36B6A3231E263590002B5B1D;
			remoteInfo = ProxyConfig;
		};
		36B6A3331E26360A002B5B1D /* PBXContainerItemProxy */ = {
			isa = PBXContainerItemProxy;
			containerPortal = 36B6A32D1E2635FE002B5B1D /* ProxyConfig.xcodeproj */;
			proxyType = 1;
			remoteGlobalIDString = 36B6A3221E263590002B5B1D;
			remoteInfo = ProxyConfig;
		};
/* End PBXContainerItemProxy section */

/* Begin PBXCopyFilesBuildPhase section */
		36A719D31D61771C00DC35F5 /* CopyFiles */ = {
			isa = PBXCopyFilesBuildPhase;
			buildActionMask = 12;
			dstPath = Contents/Library/LoginItems;
			dstSubfolderSpec = 1;
			files = (
				36A719EA1D61791900DC35F5 /* SpechtLiteLaunchHelper.app in CopyFiles */,
			);
			runOnlyForDeploymentPostprocessing = 0;
		};
		36BE113B1D59C97600CF7FCD /* Embed Frameworks */ = {
			isa = PBXCopyFilesBuildPhase;
			buildActionMask = 2147483647;
			dstPath = "";
			dstSubfolderSpec = 10;
			files = (
				36A719811D5C5B9200DC35F5 /* CocoaLumberjack.framework in Embed Frameworks */,
				36A7197F1D5C5B9200DC35F5 /* CocoaAsyncSocket.framework in Embed Frameworks */,
				36A719871D5C5B9200DC35F5 /* lwip.framework in Embed Frameworks */,
				3621B9591DFCDF610003ABB3 /* Result.framework in Embed Frameworks */,
				36A7198F1D5C5B9200DC35F5 /* Sparkle.framework in Embed Frameworks */,
				3621B95B1DFCDF610003ABB3 /* ReactiveSwift.framework in Embed Frameworks */,
				36A719891D5C5B9200DC35F5 /* MMDB.framework in Embed Frameworks */,
				36A7198D1D5C5B9200DC35F5 /* Sodium.framework in Embed Frameworks */,
				36A719931D5C5B9200DC35F5 /* Yaml.framework in Embed Frameworks */,
				36B2ACEB1DE355C600BD2C3D /* Resolver.framework in Embed Frameworks */,
				36A719911D5C5B9200DC35F5 /* tun2socks.framework in Embed Frameworks */,
				3621B95D1DFCDF610003ABB3 /* ReactiveCocoa.framework in Embed Frameworks */,
				36A7198B1D5C5B9200DC35F5 /* NEKit.framework in Embed Frameworks */,
				36A719831D5C5B9200DC35F5 /* CocoaLumberjackSwift.framework in Embed Frameworks */,
			);
			name = "Embed Frameworks";
			runOnlyForDeploymentPostprocessing = 0;
		};
/* End PBXCopyFilesBuildPhase section */

/* Begin PBXFileReference section */
		3621B9521DFCDF570003ABB3 /* Result.framework */ = {isa = PBXFileReference; lastKnownFileType = wrapper.framework; name = Result.framework; path = Carthage/Build/Mac/Result.framework; sourceTree = "<group>"; };
		3621B9531DFCDF570003ABB3 /* ReactiveSwift.framework */ = {isa = PBXFileReference; lastKnownFileType = wrapper.framework; name = ReactiveSwift.framework; path = Carthage/Build/Mac/ReactiveSwift.framework; sourceTree = "<group>"; };
		3621B9541DFCDF570003ABB3 /* ReactiveCocoa.framework */ = {isa = PBXFileReference; lastKnownFileType = wrapper.framework; name = ReactiveCocoa.framework; path = Carthage/Build/Mac/ReactiveCocoa.framework; sourceTree = "<group>"; };
		3621B9621DFD8BBD0003ABB3 /* ProxySettingManager.swift */ = {isa = PBXFileReference; fileEncoding = 4; lastKnownFileType = sourcecode.swift; path = ProxySettingManager.swift; sourceTree = "<group>"; };
		36A719641D5C2F0000DC35F5 /* stableappcast.xml.erb */ = {isa = PBXFileReference; fileEncoding = 4; lastKnownFileType = text; path = stableappcast.xml.erb; sourceTree = "<group>"; };
		36A719661D5C4A0B00DC35F5 /* generate_keys */ = {isa = PBXFileReference; lastKnownFileType = text.script.sh; path = generate_keys; sourceTree = "<group>"; };
		36A719671D5C4A6E00DC35F5 /* sign_update */ = {isa = PBXFileReference; lastKnownFileType = text.script.sh; path = sign_update; sourceTree = "<group>"; };
		36A719691D5C4AB900DC35F5 /* bootstrap */ = {isa = PBXFileReference; fileEncoding = 4; lastKnownFileType = text.script.sh; path = bootstrap; sourceTree = "<group>"; };
		36A7196A1D5C4AB900DC35F5 /* bootstrap-if-needed */ = {isa = PBXFileReference; fileEncoding = 4; lastKnownFileType = text.script.sh; path = "bootstrap-if-needed"; sourceTree = "<group>"; };
		36A7196B1D5C4AB900DC35F5 /* publish_appcast */ = {isa = PBXFileReference; fileEncoding = 4; lastKnownFileType = text; path = publish_appcast; sourceTree = "<group>"; };
		36A719701D5C4B5100DC35F5 /* dsa_pub.pem */ = {isa = PBXFileReference; lastKnownFileType = text; path = dsa_pub.pem; sourceTree = "<group>"; };
		36A719731D5C5B9200DC35F5 /* CocoaAsyncSocket.framework */ = {isa = PBXFileReference; lastKnownFileType = wrapper.framework; name = CocoaAsyncSocket.framework; path = Carthage/Build/Mac/CocoaAsyncSocket.framework; sourceTree = "<group>"; };
		36A719741D5C5B9200DC35F5 /* CocoaLumberjack.framework */ = {isa = PBXFileReference; lastKnownFileType = wrapper.framework; name = CocoaLumberjack.framework; path = Carthage/Build/Mac/CocoaLumberjack.framework; sourceTree = "<group>"; };
		36A719751D5C5B9200DC35F5 /* CocoaLumberjackSwift.framework */ = {isa = PBXFileReference; lastKnownFileType = wrapper.framework; name = CocoaLumberjackSwift.framework; path = Carthage/Build/Mac/CocoaLumberjackSwift.framework; sourceTree = "<group>"; };
		36A719771D5C5B9200DC35F5 /* lwip.framework */ = {isa = PBXFileReference; lastKnownFileType = wrapper.framework; name = lwip.framework; path = Carthage/Build/Mac/lwip.framework; sourceTree = "<group>"; };
		36A719781D5C5B9200DC35F5 /* MMDB.framework */ = {isa = PBXFileReference; lastKnownFileType = wrapper.framework; name = MMDB.framework; path = Carthage/Build/Mac/MMDB.framework; sourceTree = "<group>"; };
		36A719791D5C5B9200DC35F5 /* NEKit.framework */ = {isa = PBXFileReference; lastKnownFileType = wrapper.framework; name = NEKit.framework; path = Carthage/Build/Mac/NEKit.framework; sourceTree = "<group>"; };
		36A7197A1D5C5B9200DC35F5 /* Sodium.framework */ = {isa = PBXFileReference; lastKnownFileType = wrapper.framework; name = Sodium.framework; path = Carthage/Build/Mac/Sodium.framework; sourceTree = "<group>"; };
		36A7197B1D5C5B9200DC35F5 /* Sparkle.framework */ = {isa = PBXFileReference; lastKnownFileType = wrapper.framework; name = Sparkle.framework; path = Carthage/Build/Mac/Sparkle.framework; sourceTree = "<group>"; };
		36A7197C1D5C5B9200DC35F5 /* tun2socks.framework */ = {isa = PBXFileReference; lastKnownFileType = wrapper.framework; name = tun2socks.framework; path = Carthage/Build/Mac/tun2socks.framework; sourceTree = "<group>"; };
		36A7197D1D5C5B9200DC35F5 /* Yaml.framework */ = {isa = PBXFileReference; lastKnownFileType = wrapper.framework; name = Yaml.framework; path = Carthage/Build/Mac/Yaml.framework; sourceTree = "<group>"; };
		36A719BE1D5F0A9400DC35F5 /* PreferenceManager.swift */ = {isa = PBXFileReference; fileEncoding = 4; lastKnownFileType = sourcecode.swift; path = PreferenceManager.swift; sourceTree = "<group>"; };
		36A719D91D6178E500DC35F5 /* SpechtLiteLaunchHelper.app */ = {isa = PBXFileReference; explicitFileType = wrapper.application; includeInIndex = 0; path = SpechtLiteLaunchHelper.app; sourceTree = BUILT_PRODUCTS_DIR; };
		36A719DB1D6178E500DC35F5 /* AppDelegate.h */ = {isa = PBXFileReference; lastKnownFileType = sourcecode.c.h; path = AppDelegate.h; sourceTree = "<group>"; };
		36A719DC1D6178E500DC35F5 /* AppDelegate.m */ = {isa = PBXFileReference; lastKnownFileType = sourcecode.c.objc; path = AppDelegate.m; sourceTree = "<group>"; };
		36A719DF1D6178E500DC35F5 /* main.m */ = {isa = PBXFileReference; lastKnownFileType = sourcecode.c.objc; path = main.m; sourceTree = "<group>"; };
		36A719E11D6178E500DC35F5 /* Assets.xcassets */ = {isa = PBXFileReference; lastKnownFileType = folder.assetcatalog; path = Assets.xcassets; sourceTree = "<group>"; };
		36A719E41D6178E500DC35F5 /* Base */ = {isa = PBXFileReference; lastKnownFileType = file.xib; name = Base; path = Base.lproj/MainMenu.xib; sourceTree = "<group>"; };
		36A719E61D6178E500DC35F5 /* Info.plist */ = {isa = PBXFileReference; lastKnownFileType = text.plist.xml; path = Info.plist; sourceTree = "<group>"; };
		36A719EB1D617A4A00DC35F5 /* AutostartManager.swift */ = {isa = PBXFileReference; fileEncoding = 4; lastKnownFileType = sourcecode.swift; path = AutostartManager.swift; sourceTree = "<group>"; };
		36A719F41D63FB3500DC35F5 /* Credits.rtf */ = {isa = PBXFileReference; fileEncoding = 4; lastKnownFileType = text.rtf; path = Credits.rtf; sourceTree = "<group>"; };
		36AD37A81D8833490063BC4E /* README.md */ = {isa = PBXFileReference; fileEncoding = 4; lastKnownFileType = net.daringfireball.markdown; path = README.md; sourceTree = "<group>"; };
		36AD37AA1D88464A0063BC4E /* Changelog.md */ = {isa = PBXFileReference; lastKnownFileType = net.daringfireball.markdown; path = Changelog.md; sourceTree = "<group>"; };
		36AD37AB1D8847DC0063BC4E /* compile_changelog.rb */ = {isa = PBXFileReference; lastKnownFileType = text.script.ruby; path = compile_changelog.rb; sourceTree = "<group>"; };
		36B2ACDB1DE0947C00BD2C3D /* MenuBarController.swift */ = {isa = PBXFileReference; fileEncoding = 4; lastKnownFileType = sourcecode.swift; path = MenuBarController.swift; sourceTree = "<group>"; };
		36B2ACDD1DE095E400BD2C3D /* ProfileManager.swift */ = {isa = PBXFileReference; fileEncoding = 4; lastKnownFileType = sourcecode.swift; path = ProfileManager.swift; sourceTree = "<group>"; };
		36B2ACDF1DE096AC00BD2C3D /* Opt.swift */ = {isa = PBXFileReference; fileEncoding = 4; lastKnownFileType = sourcecode.swift; path = Opt.swift; sourceTree = "<group>"; };
		36B2ACE21DE0979C00BD2C3D /* Utils.swift */ = {isa = PBXFileReference; fileEncoding = 4; lastKnownFileType = sourcecode.swift; path = Utils.swift; sourceTree = "<group>"; };
		36B2ACE41DE2EA4A00BD2C3D /* LoggerManager.swift */ = {isa = PBXFileReference; fileEncoding = 4; lastKnownFileType = sourcecode.swift; path = LoggerManager.swift; sourceTree = "<group>"; };
		36B2ACE61DE33A5600BD2C3D /* UpdateManager.swift */ = {isa = PBXFileReference; fileEncoding = 4; lastKnownFileType = sourcecode.swift; path = UpdateManager.swift; sourceTree = "<group>"; };
		36B2ACE81DE34D8F00BD2C3D /* devappcast.xml.erb */ = {isa = PBXFileReference; lastKnownFileType = text; path = devappcast.xml.erb; sourceTree = "<group>"; };
		36B2ACE91DE355C600BD2C3D /* Resolver.framework */ = {isa = PBXFileReference; lastKnownFileType = wrapper.framework; name = Resolver.framework; path = Carthage/Build/Mac/Resolver.framework; sourceTree = "<group>"; };
		36B6A32D1E2635FE002B5B1D /* ProxyConfig.xcodeproj */ = {isa = PBXFileReference; lastKnownFileType = "wrapper.pb-project"; name = ProxyConfig.xcodeproj; path = ProxyConfig/ProxyConfig.xcodeproj; sourceTree = "<group>"; };
		36BA0BEF1D599FF40074BEBF /* SpechtLite.app */ = {isa = PBXFileReference; explicitFileType = wrapper.application; includeInIndex = 0; path = SpechtLite.app; sourceTree = BUILT_PRODUCTS_DIR; };
		36BA0BF21D599FF40074BEBF /* AppDelegate.swift */ = {isa = PBXFileReference; lastKnownFileType = sourcecode.swift; path = AppDelegate.swift; sourceTree = "<group>"; };
		36BA0BF41D599FF40074BEBF /* Assets.xcassets */ = {isa = PBXFileReference; lastKnownFileType = folder.assetcatalog; path = Assets.xcassets; sourceTree = "<group>"; };
		36BA0BF71D599FF40074BEBF /* Base */ = {isa = PBXFileReference; lastKnownFileType = file.xib; name = Base; path = Base.lproj/MainMenu.xib; sourceTree = "<group>"; };
		36BA0BF91D599FF40074BEBF /* Info.plist */ = {isa = PBXFileReference; lastKnownFileType = text.plist.xml; path = Info.plist; sourceTree = "<group>"; };
		36BA0BFF1D59A0510074BEBF /* Cartfile */ = {isa = PBXFileReference; fileEncoding = 4; lastKnownFileType = text; path = Cartfile; sourceTree = "<group>"; };
		C83FB9611D753D3300718382 /* SPObserverFactory.swift */ = {isa = PBXFileReference; fileEncoding = 4; lastKnownFileType = sourcecode.swift; path = SPObserverFactory.swift; sourceTree = "<group>"; };
		C8A7E13B1D66FC8E00E713F5 /* install_proxy_helper.sh */ = {isa = PBXFileReference; fileEncoding = 4; lastKnownFileType = text.script.sh; path = install_proxy_helper.sh; sourceTree = "<group>"; };
		C8A7E13C1D66FC8E00E713F5 /* ProxyHelper.swift */ = {isa = PBXFileReference; fileEncoding = 4; lastKnownFileType = sourcecode.swift; path = ProxyHelper.swift; sourceTree = "<group>"; };
/* End PBXFileReference section */

/* Begin PBXFrameworksBuildPhase section */
		36A719D61D6178E500DC35F5 /* Frameworks */ = {
			isa = PBXFrameworksBuildPhase;
			buildActionMask = 2147483647;
			files = (
			);
			runOnlyForDeploymentPostprocessing = 0;
		};
		36BA0BEC1D599FF40074BEBF /* Frameworks */ = {
			isa = PBXFrameworksBuildPhase;
			buildActionMask = 2147483647;
			files = (
				3621B9551DFCDF570003ABB3 /* Result.framework in Frameworks */,
				3621B9561DFCDF570003ABB3 /* ReactiveSwift.framework in Frameworks */,
				3621B9571DFCDF570003ABB3 /* ReactiveCocoa.framework in Frameworks */,
				36A719801D5C5B9200DC35F5 /* CocoaLumberjack.framework in Frameworks */,
				36A7197E1D5C5B9200DC35F5 /* CocoaAsyncSocket.framework in Frameworks */,
				36A719861D5C5B9200DC35F5 /* lwip.framework in Frameworks */,
				36A7198E1D5C5B9200DC35F5 /* Sparkle.framework in Frameworks */,
				36A719881D5C5B9200DC35F5 /* MMDB.framework in Frameworks */,
				36A7198C1D5C5B9200DC35F5 /* Sodium.framework in Frameworks */,
				36A719921D5C5B9200DC35F5 /* Yaml.framework in Frameworks */,
				36B2ACEA1DE355C600BD2C3D /* Resolver.framework in Frameworks */,
				36A719901D5C5B9200DC35F5 /* tun2socks.framework in Frameworks */,
				36A7198A1D5C5B9200DC35F5 /* NEKit.framework in Frameworks */,
				36A719821D5C5B9200DC35F5 /* CocoaLumberjackSwift.framework in Frameworks */,
			);
			runOnlyForDeploymentPostprocessing = 0;
		};
/* End PBXFrameworksBuildPhase section */

/* Begin PBXGroup section */
		3621B94E1DFCDF230003ABB3 /* ViewModel */ = {
			isa = PBXGroup;
			children = (
			);
			path = ViewModel;
			sourceTree = "<group>";
		};
		3621B9511DFCDF560003ABB3 /* Frameworks */ = {
			isa = PBXGroup;
			children = (
				36B2ACE91DE355C600BD2C3D /* Resolver.framework */,
				36A719731D5C5B9200DC35F5 /* CocoaAsyncSocket.framework */,
				36A719741D5C5B9200DC35F5 /* CocoaLumberjack.framework */,
				36A719751D5C5B9200DC35F5 /* CocoaLumberjackSwift.framework */,
				36A719771D5C5B9200DC35F5 /* lwip.framework */,
				36A719781D5C5B9200DC35F5 /* MMDB.framework */,
				36A719791D5C5B9200DC35F5 /* NEKit.framework */,
				36A7197A1D5C5B9200DC35F5 /* Sodium.framework */,
				36A7197B1D5C5B9200DC35F5 /* Sparkle.framework */,
				36A7197C1D5C5B9200DC35F5 /* tun2socks.framework */,
				36A7197D1D5C5B9200DC35F5 /* Yaml.framework */,
				3621B9521DFCDF570003ABB3 /* Result.framework */,
				3621B9531DFCDF570003ABB3 /* ReactiveSwift.framework */,
				3621B9541DFCDF570003ABB3 /* ReactiveCocoa.framework */,
			);
			name = Frameworks;
			sourceTree = "<group>";
		};
		3621B9601DFD8A050003ABB3 /* Manager */ = {
			isa = PBXGroup;
			children = (
				36A719EB1D617A4A00DC35F5 /* AutostartManager.swift */,
				36B2ACE41DE2EA4A00BD2C3D /* LoggerManager.swift */,
				36A719BE1D5F0A9400DC35F5 /* PreferenceManager.swift */,
				36B2ACDD1DE095E400BD2C3D /* ProfileManager.swift */,
				3621B9621DFD8BBD0003ABB3 /* ProxySettingManager.swift */,
				36B2ACE61DE33A5600BD2C3D /* UpdateManager.swift */,
			);
			path = Manager;
			sourceTree = "<group>";
		};
		3679DEA71DFEE6AA009F5F0C /* ViewController */ = {
			isa = PBXGroup;
			children = (
				36B2ACDB1DE0947C00BD2C3D /* MenuBarController.swift */,
			);
			path = ViewController;
			sourceTree = "<group>";
		};
		3679DEA81DFEE6CB009F5F0C /* script */ = {
			isa = PBXGroup;
			children = (
				C8A7E13B1D66FC8E00E713F5 /* install_proxy_helper.sh */,
			);
			path = script;
			sourceTree = "<group>";
		};
		36A719611D5C2ED500DC35F5 /* appcast */ = {
			isa = PBXGroup;
			children = (
				36B2ACE81DE34D8F00BD2C3D /* devappcast.xml.erb */,
				36A719641D5C2F0000DC35F5 /* stableappcast.xml.erb */,
			);
			path = appcast;
			sourceTree = "<group>";
		};
		36A719681D5C4AB900DC35F5 /* bin */ = {
			isa = PBXGroup;
			children = (
				36A719691D5C4AB900DC35F5 /* bootstrap */,
				36A7196A1D5C4AB900DC35F5 /* bootstrap-if-needed */,
				36AD37AB1D8847DC0063BC4E /* compile_changelog.rb */,
				36A719661D5C4A0B00DC35F5 /* generate_keys */,
				36A7196B1D5C4AB900DC35F5 /* publish_appcast */,
				36A719671D5C4A6E00DC35F5 /* sign_update */,
			);
			path = bin;
			sourceTree = "<group>";
		};
		36A7196F1D5C4B5100DC35F5 /* cert */ = {
			isa = PBXGroup;
			children = (
				36A719701D5C4B5100DC35F5 /* dsa_pub.pem */,
			);
			path = cert;
			sourceTree = "<group>";
		};
		36A719DA1D6178E500DC35F5 /* SpechtLiteLaunchHelper */ = {
			isa = PBXGroup;
			children = (
				36A719DE1D6178E500DC35F5 /* Supporting Files */,
				36A719DB1D6178E500DC35F5 /* AppDelegate.h */,
				36A719DC1D6178E500DC35F5 /* AppDelegate.m */,
				36A719E11D6178E500DC35F5 /* Assets.xcassets */,
				36A719E61D6178E500DC35F5 /* Info.plist */,
				36A719E31D6178E500DC35F5 /* MainMenu.xib */,
			);
			path = SpechtLiteLaunchHelper;
			sourceTree = "<group>";
		};
		36A719DE1D6178E500DC35F5 /* Supporting Files */ = {
			isa = PBXGroup;
			children = (
				36A719DF1D6178E500DC35F5 /* main.m */,
			);
			path = "Supporting Files";
			sourceTree = "<group>";
		};
		36B6A32E1E2635FE002B5B1D /* Products */ = {
			isa = PBXGroup;
			children = (
				36B6A3321E2635FE002B5B1D /* ProxyConfig */,
			);
			name = Products;
			sourceTree = "<group>";
		};
		36BA0BE61D599FF40074BEBF = {
			isa = PBXGroup;
			children = (
				36B6A32D1E2635FE002B5B1D /* ProxyConfig.xcodeproj */,
				3621B9511DFCDF560003ABB3 /* Frameworks */,
				36BA0BF01D599FF40074BEBF /* Products */,
				36BA0BF11D599FF40074BEBF /* SpechtLite */,
				36A719DA1D6178E500DC35F5 /* SpechtLiteLaunchHelper */,
				36A719611D5C2ED500DC35F5 /* appcast */,
				36A719681D5C4AB900DC35F5 /* bin */,
				36A7196F1D5C4B5100DC35F5 /* cert */,
				36BA0BFF1D59A0510074BEBF /* Cartfile */,
				36AD37AA1D88464A0063BC4E /* Changelog.md */,
				36A719F41D63FB3500DC35F5 /* Credits.rtf */,
				36AD37A81D8833490063BC4E /* README.md */,
			);
			indentWidth = 4;
			sourceTree = "<group>";
			tabWidth = 4;
			usesTabs = 0;
		};
		36BA0BF01D599FF40074BEBF /* Products */ = {
			isa = PBXGroup;
			children = (
				36BA0BEF1D599FF40074BEBF /* SpechtLite.app */,
				36A719D91D6178E500DC35F5 /* SpechtLiteLaunchHelper.app */,
			);
			name = Products;
			sourceTree = "<group>";
		};
		36BA0BF11D599FF40074BEBF /* SpechtLite */ = {
			isa = PBXGroup;
			children = (
				3621B9601DFD8A050003ABB3 /* Manager */,
				3679DEA71DFEE6AA009F5F0C /* ViewController */,
				3621B94E1DFCDF230003ABB3 /* ViewModel */,
				3679DEA81DFEE6CB009F5F0C /* script */,
				36BA0BF21D599FF40074BEBF /* AppDelegate.swift */,
				36BA0BF41D599FF40074BEBF /* Assets.xcassets */,
				36BA0BF91D599FF40074BEBF /* Info.plist */,
				36BA0BF61D599FF40074BEBF /* MainMenu.xib */,
				36B2ACDF1DE096AC00BD2C3D /* Opt.swift */,
				C8A7E13C1D66FC8E00E713F5 /* ProxyHelper.swift */,
				C83FB9611D753D3300718382 /* SPObserverFactory.swift */,
				36B2ACE21DE0979C00BD2C3D /* Utils.swift */,
			);
			path = SpechtLite;
			sourceTree = "<group>";
		};
/* End PBXGroup section */

/* Begin PBXNativeTarget section */
		36A719D81D6178E500DC35F5 /* SpechtLiteLaunchHelper */ = {
			isa = PBXNativeTarget;
			buildConfigurationList = 36A719E71D6178E500DC35F5 /* Build configuration list for PBXNativeTarget "SpechtLiteLaunchHelper" */;
			buildPhases = (
				36A719D51D6178E500DC35F5 /* Sources */,
				36A719D61D6178E500DC35F5 /* Frameworks */,
				36A719D71D6178E500DC35F5 /* Resources */,
				F57AD3C9B6C017522DCEEC82 /* Warn for TODO and FIXME comments */,
				96F28E8AE005D69D3A0B636D /* Set version number */,
			);
			buildRules = (
			);
			dependencies = (
			);
			name = SpechtLiteLaunchHelper;
			productName = SpechtLiteLaunchHelper;
			productReference = 36A719D91D6178E500DC35F5 /* SpechtLiteLaunchHelper.app */;
			productType = "com.apple.product-type.application";
		};
		36BA0BEE1D599FF40074BEBF /* SpechtLite */ = {
			isa = PBXNativeTarget;
			buildConfigurationList = 36BA0BFC1D599FF40074BEBF /* Build configuration list for PBXNativeTarget "SpechtLite" */;
			buildPhases = (
				36BA0BEB1D599FF40074BEBF /* Sources */,
				36BA0BEC1D599FF40074BEBF /* Frameworks */,
				36BA0BED1D599FF40074BEBF /* Resources */,
				36BE113B1D59C97600CF7FCD /* Embed Frameworks */,
				D46517B046B7AA200DA7B59F /* Warn for TODO and FIXME comments */,
				EED21ADB33E81805BA20719B /* Set version number */,
				36A719D31D61771C00DC35F5 /* CopyFiles */,
			);
			buildRules = (
			);
			dependencies = (
				36B6A3341E26360A002B5B1D /* PBXTargetDependency */,
				3629507B1D6B4536001A30F6 /* PBXTargetDependency */,
			);
			name = SpechtLite;
			productName = SpechtLite;
			productReference = 36BA0BEF1D599FF40074BEBF /* SpechtLite.app */;
			productType = "com.apple.product-type.application";
		};
/* End PBXNativeTarget section */

/* Begin PBXProject section */
		36BA0BE71D599FF40074BEBF /* Project object */ = {
			isa = PBXProject;
			attributes = {
				LastSwiftUpdateCheck = 0730;
				LastUpgradeCheck = 0800;
				ORGANIZATIONNAME = "Zhuhao Wang";
				TargetAttributes = {
					36A719D81D6178E500DC35F5 = {
						CreatedOnToolsVersion = 7.3.1;
						DevelopmentTeam = H5443445N6;
						LastSwiftMigration = 0800;
						ProvisioningStyle = Automatic;
					};
					36BA0BEE1D599FF40074BEBF = {
						CreatedOnToolsVersion = 7.3.1;
						DevelopmentTeam = H5443445N6;
						LastSwiftMigration = 0810;
						ProvisioningStyle = Automatic;
					};
				};
			};
			buildConfigurationList = 36BA0BEA1D599FF40074BEBF /* Build configuration list for PBXProject "SpechtLite" */;
			compatibilityVersion = "Xcode 3.2";
			developmentRegion = English;
			hasScannedForEncodings = 0;
			knownRegions = (
				en,
				Base,
			);
			mainGroup = 36BA0BE61D599FF40074BEBF;
			productRefGroup = 36BA0BF01D599FF40074BEBF /* Products */;
			projectDirPath = "";
			projectReferences = (
				{
					ProductGroup = 36B6A32E1E2635FE002B5B1D /* Products */;
					ProjectRef = 36B6A32D1E2635FE002B5B1D /* ProxyConfig.xcodeproj */;
				},
			);
			projectRoot = "";
			targets = (
				36A719D81D6178E500DC35F5 /* SpechtLiteLaunchHelper */,
				36BA0BEE1D599FF40074BEBF /* SpechtLite */,
			);
		};
/* End PBXProject section */

/* Begin PBXReferenceProxy section */
		36B6A3321E2635FE002B5B1D /* ProxyConfig */ = {
			isa = PBXReferenceProxy;
			fileType = "compiled.mach-o.executable";
			path = ProxyConfig;
			remoteRef = 36B6A3311E2635FE002B5B1D /* PBXContainerItemProxy */;
			sourceTree = BUILT_PRODUCTS_DIR;
		};
/* End PBXReferenceProxy section */

/* Begin PBXResourcesBuildPhase section */
		36A719D71D6178E500DC35F5 /* Resources */ = {
			isa = PBXResourcesBuildPhase;
			buildActionMask = 2147483647;
			files = (
				36A719E21D6178E500DC35F5 /* Assets.xcassets in Resources */,
				36A719E51D6178E500DC35F5 /* MainMenu.xib in Resources */,
			);
			runOnlyForDeploymentPostprocessing = 0;
		};
		36BA0BED1D599FF40074BEBF /* Resources */ = {
			isa = PBXResourcesBuildPhase;
			buildActionMask = 2147483647;
			files = (
				36B6A3371E263BA3002B5B1D /* ProxyConfig in Resources */,
				C8A7E13D1D66FC8E00E713F5 /* install_proxy_helper.sh in Resources */,
				36A719721D5C4B5600DC35F5 /* dsa_pub.pem in Resources */,
				36A719F51D63FB3500DC35F5 /* Credits.rtf in Resources */,
				36BA0BF51D599FF40074BEBF /* Assets.xcassets in Resources */,
				36BA0BF81D599FF40074BEBF /* MainMenu.xib in Resources */,
			);
			runOnlyForDeploymentPostprocessing = 0;
		};
/* End PBXResourcesBuildPhase section */

/* Begin PBXShellScriptBuildPhase section */
		96F28E8AE005D69D3A0B636D /* Set version number */ = {
			isa = PBXShellScriptBuildPhase;
			buildActionMask = 2147483647;
			files = (
			);
			inputPaths = (
			);
			name = "Set version number";
			outputPaths = (
			);
			runOnlyForDeploymentPostprocessing = 0;
			shellPath = /bin/sh;
			shellScript = "git=$(sh /etc/profile; which git)\ngit_release_version=$(\"$git\" describe --tags --always --abbrev=0)\nnumber_of_commits=$(\"$git\" rev-list master --count)\ntarget_plist=\"$TARGET_BUILD_DIR/$INFOPLIST_PATH\"\ndsym_plist=\"$DWARF_DSYM_FOLDER_PATH/$DWARF_DSYM_FILE_NAME/Contents/Info.plist\"\n\nfor plist in \"$target_plist\" \"$dsym_plist\"; do\n  if [ -f \"$plist\" ]; then\n    /usr/libexec/PlistBuddy -c \"Set :CFBundleVersion $number_of_commits\" \"$plist\"\n    /usr/libexec/PlistBuddy -c \"Set :CFBundleShortVersionString ${git_release_version#*v}\" \"$plist\"\n  fi\ndone\n";
		};
		D46517B046B7AA200DA7B59F /* Warn for TODO and FIXME comments */ = {
			isa = PBXShellScriptBuildPhase;
			buildActionMask = 2147483647;
			files = (
			);
			inputPaths = (
			);
			name = "Warn for TODO and FIXME comments";
			outputPaths = (
			);
			runOnlyForDeploymentPostprocessing = 0;
			shellPath = /bin/sh;
			shellScript = "KEYWORDS=\"TODO:|FIXME:|\\?\\?\\?:|\\!\\!\\!:\"\nFILE_EXTENSIONS=\"swift|h|m|mm|c|cpp\"\nfind -E \"${SRCROOT}\" -ipath \"${SRCROOT}/Carthage\" -prune -o -ipath \"${SRCROOT}/pods\" -prune -o \\( -regex \".*\\.($FILE_EXTENSIONS)$\" \\) -print0 | xargs -0 egrep --with-filename --line-number --only-matching \"($KEYWORDS).*\\$\" | perl -p -e \"s/($KEYWORDS)/ warning: \\$1/\"\n";
		};
		EED21ADB33E81805BA20719B /* Set version number */ = {
			isa = PBXShellScriptBuildPhase;
			buildActionMask = 2147483647;
			files = (
			);
			inputPaths = (
			);
			name = "Set version number";
			outputPaths = (
			);
			runOnlyForDeploymentPostprocessing = 0;
			shellPath = /bin/sh;
			shellScript = "git=$(sh /etc/profile; which git)\ngit_release_version=$(\"$git\" describe --tags --always --abbrev=0)\nnumber_of_commits=$(\"$git\" rev-list HEAD --count)\ntarget_plist=\"$TARGET_BUILD_DIR/$INFOPLIST_PATH\"\ndsym_plist=\"$DWARF_DSYM_FOLDER_PATH/$DWARF_DSYM_FILE_NAME/Contents/Info.plist\"\n\nfor plist in \"$target_plist\" \"$dsym_plist\"; do\n  if [ -f \"$plist\" ]; then\n    /usr/libexec/PlistBuddy -c \"Set :CFBundleVersion $number_of_commits\" \"$plist\"\n    /usr/libexec/PlistBuddy -c \"Set :CFBundleShortVersionString ${git_release_version#*v}\" \"$plist\"\n  fi\ndone\n";
		};
		F57AD3C9B6C017522DCEEC82 /* Warn for TODO and FIXME comments */ = {
			isa = PBXShellScriptBuildPhase;
			buildActionMask = 2147483647;
			files = (
			);
			inputPaths = (
			);
			name = "Warn for TODO and FIXME comments";
			outputPaths = (
			);
			runOnlyForDeploymentPostprocessing = 0;
			shellPath = /bin/sh;
			shellScript = "KEYWORDS=\"TODO:|FIXME:|\\?\\?\\?:|\\!\\!\\!:\"\nFILE_EXTENSIONS=\"swift|h|m|mm|c|cpp\"\nfind -E \"${SRCROOT}\" -ipath \"${SRCROOT}/Carthage\" -prune -o -ipath \"${SRCROOT}/pods\" -prune -o \\( -regex \".*\\.($FILE_EXTENSIONS)$\" \\) -print0 | xargs -0 egrep --with-filename --line-number --only-matching \"($KEYWORDS).*\\$\" | perl -p -e \"s/($KEYWORDS)/ warning: \\$1/\"\n";
		};
/* End PBXShellScriptBuildPhase section */

/* Begin PBXSourcesBuildPhase section */
		36A719D51D6178E500DC35F5 /* Sources */ = {
			isa = PBXSourcesBuildPhase;
			buildActionMask = 2147483647;
			files = (
				36A719E01D6178E500DC35F5 /* main.m in Sources */,
				36A719DD1D6178E500DC35F5 /* AppDelegate.m in Sources */,
			);
			runOnlyForDeploymentPostprocessing = 0;
		};
		36BA0BEB1D599FF40074BEBF /* Sources */ = {
			isa = PBXSourcesBuildPhase;
			buildActionMask = 2147483647;
			files = (
				C8A7E13E1D66FC8E00E713F5 /* ProxyHelper.swift in Sources */,
				C83FB9621D753D3300718382 /* SPObserverFactory.swift in Sources */,
				36B2ACDE1DE095E400BD2C3D /* ProfileManager.swift in Sources */,
				36A719EC1D617A4A00DC35F5 /* AutostartManager.swift in Sources */,
				36B2ACE31DE0979C00BD2C3D /* Utils.swift in Sources */,
				36B2ACE51DE2EA4A00BD2C3D /* LoggerManager.swift in Sources */,
				36B2ACE71DE33A5600BD2C3D /* UpdateManager.swift in Sources */,
				36B2ACE01DE096AC00BD2C3D /* Opt.swift in Sources */,
				36A719BF1D5F0A9400DC35F5 /* PreferenceManager.swift in Sources */,
				36BA0BF31D599FF40074BEBF /* AppDelegate.swift in Sources */,
				3621B9631DFD8BBD0003ABB3 /* ProxySettingManager.swift in Sources */,
				36B2ACDC1DE0947C00BD2C3D /* MenuBarController.swift in Sources */,
			);
			runOnlyForDeploymentPostprocessing = 0;
		};
/* End PBXSourcesBuildPhase section */

/* Begin PBXTargetDependency section */
		3629507B1D6B4536001A30F6 /* PBXTargetDependency */ = {
			isa = PBXTargetDependency;
			target = 36A719D81D6178E500DC35F5 /* SpechtLiteLaunchHelper */;
			targetProxy = 3629507A1D6B4536001A30F6 /* PBXContainerItemProxy */;
		};
		36B6A3341E26360A002B5B1D /* PBXTargetDependency */ = {
			isa = PBXTargetDependency;
			name = ProxyConfig;
			targetProxy = 36B6A3331E26360A002B5B1D /* PBXContainerItemProxy */;
		};
/* End PBXTargetDependency section */

/* Begin PBXVariantGroup section */
		36A719E31D6178E500DC35F5 /* MainMenu.xib */ = {
			isa = PBXVariantGroup;
			children = (
				36A719E41D6178E500DC35F5 /* Base */,
			);
			name = MainMenu.xib;
			path = .;
			sourceTree = "<group>";
		};
		36BA0BF61D599FF40074BEBF /* MainMenu.xib */ = {
			isa = PBXVariantGroup;
			children = (
				36BA0BF71D599FF40074BEBF /* Base */,
			);
			name = MainMenu.xib;
			path = .;
			sourceTree = "<group>";
		};
/* End PBXVariantGroup section */

/* Begin XCBuildConfiguration section */
		36A719E81D6178E500DC35F5 /* Debug */ = {
			isa = XCBuildConfiguration;
			buildSettings = {
				ASSETCATALOG_COMPILER_APPICON_NAME = AppIcon;
				CODE_SIGN_IDENTITY = "Mac Developer";
				COMBINE_HIDPI_IMAGES = YES;
				DEVELOPMENT_TEAM = H5443445N6;
				GCC_WARN_ABOUT_RETURN_TYPE = YES_ERROR;
				INFOPLIST_FILE = SpechtLiteLaunchHelper/Info.plist;
				LD_RUNPATH_SEARCH_PATHS = "$(inherited) @executable_path/../Frameworks";
				PRODUCT_BUNDLE_IDENTIFIER = me.zhuhaow.osx.SpechtLite.LaunchHelper;
				PRODUCT_NAME = "$(TARGET_NAME)";
				SKIP_INSTALL = YES;
				SWIFT_VERSION = 2.3;
			};
			name = Debug;
		};
		36A719E91D6178E500DC35F5 /* Release */ = {
			isa = XCBuildConfiguration;
			buildSettings = {
				ASSETCATALOG_COMPILER_APPICON_NAME = AppIcon;
				CODE_SIGN_IDENTITY = "Mac Developer";
				COMBINE_HIDPI_IMAGES = YES;
				DEVELOPMENT_TEAM = H5443445N6;
				GCC_TREAT_WARNINGS_AS_ERRORS = YES;
				GCC_WARN_ABOUT_RETURN_TYPE = YES_ERROR;
				INFOPLIST_FILE = SpechtLiteLaunchHelper/Info.plist;
				LD_RUNPATH_SEARCH_PATHS = "$(inherited) @executable_path/../Frameworks";
				PRODUCT_BUNDLE_IDENTIFIER = me.zhuhaow.osx.SpechtLite.LaunchHelper;
				PRODUCT_NAME = "$(TARGET_NAME)";
				SKIP_INSTALL = YES;
				SWIFT_VERSION = 2.3;
			};
			name = Release;
		};
		36BA0BFA1D599FF40074BEBF /* Debug */ = {
			isa = XCBuildConfiguration;
			buildSettings = {
				ALWAYS_SEARCH_USER_PATHS = NO;
				CLANG_ANALYZER_NONNULL = YES;
				CLANG_CXX_LANGUAGE_STANDARD = "gnu++0x";
				CLANG_CXX_LIBRARY = "libc++";
				CLANG_ENABLE_MODULES = YES;
				CLANG_ENABLE_OBJC_ARC = YES;
				CLANG_WARN_BOOL_CONVERSION = YES;
				CLANG_WARN_CONSTANT_CONVERSION = YES;
				CLANG_WARN_DEPRECATED_OBJC_IMPLEMENTATIONS = YES;
				CLANG_WARN_DIRECT_OBJC_ISA_USAGE = YES_ERROR;
				CLANG_WARN_EMPTY_BODY = YES;
				CLANG_WARN_ENUM_CONVERSION = YES;
				CLANG_WARN_IMPLICIT_SIGN_CONVERSION = YES;
				CLANG_WARN_INFINITE_RECURSION = YES;
				CLANG_WARN_INT_CONVERSION = YES;
				CLANG_WARN_OBJC_IMPLICIT_RETAIN_SELF = YES;
				CLANG_WARN_OBJC_ROOT_CLASS = YES_ERROR;
				CLANG_WARN_SUSPICIOUS_IMPLICIT_CONVERSION = YES;
				CLANG_WARN_SUSPICIOUS_MOVE = YES;
				CLANG_WARN_UNREACHABLE_CODE = YES;
				CLANG_WARN__DUPLICATE_METHOD_MATCH = YES;
				CODE_SIGN_IDENTITY = "-";
				COPY_PHASE_STRIP = NO;
				DEBUG_INFORMATION_FORMAT = dwarf;
				ENABLE_STRICT_OBJC_MSGSEND = YES;
				ENABLE_TESTABILITY = YES;
				GCC_C_LANGUAGE_STANDARD = gnu99;
				GCC_DYNAMIC_NO_PIC = NO;
				GCC_NO_COMMON_BLOCKS = YES;
				GCC_OPTIMIZATION_LEVEL = 0;
				GCC_PREPROCESSOR_DEFINITIONS = (
					"DEBUG=1",
					"$(inherited)",
				);
				GCC_WARN_64_TO_32_BIT_CONVERSION = YES;
				GCC_WARN_ABOUT_DEPRECATED_FUNCTIONS = YES;
				GCC_WARN_ABOUT_MISSING_FIELD_INITIALIZERS = YES;
				GCC_WARN_ABOUT_MISSING_NEWLINE = YES;
				GCC_WARN_ABOUT_RETURN_TYPE = YES;
				GCC_WARN_CHECK_SWITCH_STATEMENTS = YES;
				GCC_WARN_INITIALIZER_NOT_FULLY_BRACKETED = YES;
				GCC_WARN_MISSING_PARENTHESES = YES;
				GCC_WARN_SHADOW = YES;
				GCC_WARN_SIGN_COMPARE = YES;
				GCC_WARN_TYPECHECK_CALLS_TO_PRINTF = YES;
				GCC_WARN_UNDECLARED_SELECTOR = YES;
				GCC_WARN_UNINITIALIZED_AUTOS = YES_AGGRESSIVE;
				GCC_WARN_UNUSED_FUNCTION = YES;
				GCC_WARN_UNUSED_LABEL = YES;
				GCC_WARN_UNUSED_VALUE = YES;
				GCC_WARN_UNUSED_VARIABLE = YES;
				MACOSX_DEPLOYMENT_TARGET = 10.11;
				MTL_ENABLE_DEBUG_INFO = YES;
				ONLY_ACTIVE_ARCH = YES;
				SDKROOT = macosx;
				SWIFT_OPTIMIZATION_LEVEL = "-Onone";
			};
			name = Debug;
		};
		36BA0BFB1D599FF40074BEBF /* Release */ = {
			isa = XCBuildConfiguration;
			buildSettings = {
				ALWAYS_SEARCH_USER_PATHS = NO;
				CLANG_ANALYZER_NONNULL = YES;
				CLANG_CXX_LANGUAGE_STANDARD = "gnu++0x";
				CLANG_CXX_LIBRARY = "libc++";
				CLANG_ENABLE_MODULES = YES;
				CLANG_ENABLE_OBJC_ARC = YES;
				CLANG_WARN_BOOL_CONVERSION = YES;
				CLANG_WARN_CONSTANT_CONVERSION = YES;
				CLANG_WARN_DEPRECATED_OBJC_IMPLEMENTATIONS = YES;
				CLANG_WARN_DIRECT_OBJC_ISA_USAGE = YES_ERROR;
				CLANG_WARN_EMPTY_BODY = YES;
				CLANG_WARN_ENUM_CONVERSION = YES;
				CLANG_WARN_IMPLICIT_SIGN_CONVERSION = YES;
				CLANG_WARN_INFINITE_RECURSION = YES;
				CLANG_WARN_INT_CONVERSION = YES;
				CLANG_WARN_OBJC_IMPLICIT_RETAIN_SELF = YES;
				CLANG_WARN_OBJC_ROOT_CLASS = YES_ERROR;
				CLANG_WARN_SUSPICIOUS_IMPLICIT_CONVERSION = YES;
				CLANG_WARN_SUSPICIOUS_MOVE = YES;
				CLANG_WARN_UNREACHABLE_CODE = YES;
				CLANG_WARN__DUPLICATE_METHOD_MATCH = YES;
				CODE_SIGN_IDENTITY = "-";
				COPY_PHASE_STRIP = NO;
				DEBUG_INFORMATION_FORMAT = "dwarf-with-dsym";
				ENABLE_NS_ASSERTIONS = NO;
				ENABLE_STRICT_OBJC_MSGSEND = YES;
				GCC_C_LANGUAGE_STANDARD = gnu99;
				GCC_NO_COMMON_BLOCKS = YES;
				GCC_WARN_64_TO_32_BIT_CONVERSION = YES;
				GCC_WARN_ABOUT_DEPRECATED_FUNCTIONS = YES;
				GCC_WARN_ABOUT_MISSING_FIELD_INITIALIZERS = YES;
				GCC_WARN_ABOUT_MISSING_NEWLINE = YES;
				GCC_WARN_ABOUT_RETURN_TYPE = YES;
				GCC_WARN_CHECK_SWITCH_STATEMENTS = YES;
				GCC_WARN_INITIALIZER_NOT_FULLY_BRACKETED = YES;
				GCC_WARN_MISSING_PARENTHESES = YES;
				GCC_WARN_SHADOW = YES;
				GCC_WARN_SIGN_COMPARE = YES;
				GCC_WARN_TYPECHECK_CALLS_TO_PRINTF = YES;
				GCC_WARN_UNDECLARED_SELECTOR = YES;
				GCC_WARN_UNINITIALIZED_AUTOS = YES_AGGRESSIVE;
				GCC_WARN_UNUSED_FUNCTION = YES;
				GCC_WARN_UNUSED_LABEL = YES;
				GCC_WARN_UNUSED_VALUE = YES;
				GCC_WARN_UNUSED_VARIABLE = YES;
				MACOSX_DEPLOYMENT_TARGET = 10.11;
				MTL_ENABLE_DEBUG_INFO = NO;
				SDKROOT = macosx;
				SWIFT_OPTIMIZATION_LEVEL = "-Owholemodule";
			};
			name = Release;
		};
		36BA0BFD1D599FF40074BEBF /* Debug */ = {
			isa = XCBuildConfiguration;
			buildSettings = {
				ASSETCATALOG_COMPILER_APPICON_NAME = AppIcon;
				CODE_SIGN_IDENTITY = "Mac Developer";
				COMBINE_HIDPI_IMAGES = YES;
				DEVELOPMENT_TEAM = H5443445N6;
				FRAMEWORK_SEARCH_PATHS = (
					"$(inherited)",
					"$(PROJECT_DIR)/Carthage/Build/Mac",
				);
				INFOPLIST_FILE = SpechtLite/Info.plist;
				LD_RUNPATH_SEARCH_PATHS = "$(inherited) @executable_path/../Frameworks";
				OTHER_CODE_SIGN_FLAGS = "--deep";
				PRODUCT_BUNDLE_IDENTIFIER = me.zhuhaow.osx.SpechtLite;
				PRODUCT_NAME = "$(TARGET_NAME)";
				SWIFT_VERSION = 3.0;
			};
			name = Debug;
		};
		36BA0BFE1D599FF40074BEBF /* Release */ = {
			isa = XCBuildConfiguration;
			buildSettings = {
				ASSETCATALOG_COMPILER_APPICON_NAME = AppIcon;
				CODE_SIGN_IDENTITY = "Mac Developer";
				COMBINE_HIDPI_IMAGES = YES;
				DEVELOPMENT_TEAM = H5443445N6;
				FRAMEWORK_SEARCH_PATHS = (
					"$(inherited)",
					"$(PROJECT_DIR)/Carthage/Build/Mac",
				);
				GCC_TREAT_WARNINGS_AS_ERRORS = YES;
				INFOPLIST_FILE = SpechtLite/Info.plist;
				LD_RUNPATH_SEARCH_PATHS = "$(inherited) @executable_path/../Frameworks";
				OTHER_CODE_SIGN_FLAGS = "--deep";
				PRODUCT_BUNDLE_IDENTIFIER = me.zhuhaow.osx.SpechtLite;
				PRODUCT_NAME = "$(TARGET_NAME)";
				SWIFT_VERSION = 3.0;
			};
			name = Release;
		};
/* End XCBuildConfiguration section */

/* Begin XCConfigurationList section */
		36A719E71D6178E500DC35F5 /* Build configuration list for PBXNativeTarget "SpechtLiteLaunchHelper" */ = {
			isa = XCConfigurationList;
			buildConfigurations = (
				36A719E81D6178E500DC35F5 /* Debug */,
				36A719E91D6178E500DC35F5 /* Release */,
			);
			defaultConfigurationIsVisible = 0;
			defaultConfigurationName = Release;
		};
		36BA0BEA1D599FF40074BEBF /* Build configuration list for PBXProject "SpechtLite" */ = {
			isa = XCConfigurationList;
			buildConfigurations = (
				36BA0BFA1D599FF40074BEBF /* Debug */,
				36BA0BFB1D599FF40074BEBF /* Release */,
			);
			defaultConfigurationIsVisible = 0;
			defaultConfigurationName = Release;
		};
		36BA0BFC1D599FF40074BEBF /* Build configuration list for PBXNativeTarget "SpechtLite" */ = {
			isa = XCConfigurationList;
			buildConfigurations = (
				36BA0BFD1D599FF40074BEBF /* Debug */,
				36BA0BFE1D599FF40074BEBF /* Release */,
			);
			defaultConfigurationIsVisible = 0;
			defaultConfigurationName = Release;
		};
/* End XCConfigurationList section */
	};
	rootObject = 36BA0BE71D599FF40074BEBF /* Project object */;
}
