// !$*UTF8*$!
{
	archiveVersion = 1;
	classes = {
	};
	objectVersion = 46;
	objects = {

/* Begin PBXBuildFile section */
		36A719571D5B6A9500DC35F5 /* lwip.framework in Frameworks */ = {isa = PBXBuildFile; fileRef = 36A719541D5B6A9500DC35F5 /* lwip.framework */; };
		36A719581D5B6A9500DC35F5 /* lwip.framework in Embed Frameworks */ = {isa = PBXBuildFile; fileRef = 36A719541D5B6A9500DC35F5 /* lwip.framework */; settings = {ATTRIBUTES = (CodeSignOnCopy, RemoveHeadersOnCopy, ); }; };
		36A719591D5B6A9500DC35F5 /* NEKit.framework in Frameworks */ = {isa = PBXBuildFile; fileRef = 36A719551D5B6A9500DC35F5 /* NEKit.framework */; };
		36A7195A1D5B6A9500DC35F5 /* NEKit.framework in Embed Frameworks */ = {isa = PBXBuildFile; fileRef = 36A719551D5B6A9500DC35F5 /* NEKit.framework */; settings = {ATTRIBUTES = (CodeSignOnCopy, RemoveHeadersOnCopy, ); }; };
		36A7195B1D5B6A9500DC35F5 /* tun2socks.framework in Frameworks */ = {isa = PBXBuildFile; fileRef = 36A719561D5B6A9500DC35F5 /* tun2socks.framework */; };
		36A7195C1D5B6A9500DC35F5 /* tun2socks.framework in Embed Frameworks */ = {isa = PBXBuildFile; fileRef = 36A719561D5B6A9500DC35F5 /* tun2socks.framework */; settings = {ATTRIBUTES = (CodeSignOnCopy, RemoveHeadersOnCopy, ); }; };
		36A7195F1D5B77F000DC35F5 /* Sparkle.framework in Frameworks */ = {isa = PBXBuildFile; fileRef = 36A7195E1D5B77F000DC35F5 /* Sparkle.framework */; };
		36A719601D5B77F000DC35F5 /* Sparkle.framework in Embed Frameworks */ = {isa = PBXBuildFile; fileRef = 36A7195E1D5B77F000DC35F5 /* Sparkle.framework */; settings = {ATTRIBUTES = (CodeSignOnCopy, RemoveHeadersOnCopy, ); }; };
		36BA0BF31D599FF40074BEBF /* AppDelegate.swift in Sources */ = {isa = PBXBuildFile; fileRef = 36BA0BF21D599FF40074BEBF /* AppDelegate.swift */; };
		36BA0BF51D599FF40074BEBF /* Assets.xcassets in Resources */ = {isa = PBXBuildFile; fileRef = 36BA0BF41D599FF40074BEBF /* Assets.xcassets */; };
		36BA0BF81D599FF40074BEBF /* MainMenu.xib in Resources */ = {isa = PBXBuildFile; fileRef = 36BA0BF61D599FF40074BEBF /* MainMenu.xib */; };
		36BE112A1D59C97500CF7FCD /* CocoaAsyncSocket.framework in Embed Frameworks */ = {isa = PBXBuildFile; fileRef = 36BE110E1D59C94B00CF7FCD /* CocoaAsyncSocket.framework */; settings = {ATTRIBUTES = (CodeSignOnCopy, RemoveHeadersOnCopy, ); }; };
		36BE112C1D59C97500CF7FCD /* CocoaLumberjack.framework in Embed Frameworks */ = {isa = PBXBuildFile; fileRef = 36BE110F1D59C94B00CF7FCD /* CocoaLumberjack.framework */; settings = {ATTRIBUTES = (CodeSignOnCopy, RemoveHeadersOnCopy, ); }; };
		36BE112E1D59C97500CF7FCD /* CocoaLumberjackSwift.framework in Embed Frameworks */ = {isa = PBXBuildFile; fileRef = 36BE11101D59C94B00CF7FCD /* CocoaLumberjackSwift.framework */; settings = {ATTRIBUTES = (CodeSignOnCopy, RemoveHeadersOnCopy, ); }; };
		36BE11301D59C97500CF7FCD /* CommonCrypto.framework in Embed Frameworks */ = {isa = PBXBuildFile; fileRef = 36BE11111D59C94B00CF7FCD /* CommonCrypto.framework */; settings = {ATTRIBUTES = (CodeSignOnCopy, RemoveHeadersOnCopy, ); }; };
		36BE11341D59C97600CF7FCD /* MMDB.framework in Embed Frameworks */ = {isa = PBXBuildFile; fileRef = 36BE11131D59C94B00CF7FCD /* MMDB.framework */; settings = {ATTRIBUTES = (CodeSignOnCopy, RemoveHeadersOnCopy, ); }; };
		36BE11381D59C97600CF7FCD /* Sodium.framework in Embed Frameworks */ = {isa = PBXBuildFile; fileRef = 36BE11151D59C94B00CF7FCD /* Sodium.framework */; settings = {ATTRIBUTES = (CodeSignOnCopy, RemoveHeadersOnCopy, ); }; };
		36BE113A1D59C97600CF7FCD /* Yaml.framework in Embed Frameworks */ = {isa = PBXBuildFile; fileRef = 36BE11161D59C94B00CF7FCD /* Yaml.framework */; settings = {ATTRIBUTES = (CodeSignOnCopy, RemoveHeadersOnCopy, ); }; };
		36BE113C1D59C98500CF7FCD /* CocoaAsyncSocket.framework in Frameworks */ = {isa = PBXBuildFile; fileRef = 36BE110E1D59C94B00CF7FCD /* CocoaAsyncSocket.framework */; };
		36BE113D1D59C98500CF7FCD /* CocoaLumberjack.framework in Frameworks */ = {isa = PBXBuildFile; fileRef = 36BE110F1D59C94B00CF7FCD /* CocoaLumberjack.framework */; };
		36BE113E1D59C98500CF7FCD /* CocoaLumberjackSwift.framework in Frameworks */ = {isa = PBXBuildFile; fileRef = 36BE11101D59C94B00CF7FCD /* CocoaLumberjackSwift.framework */; };
		36BE113F1D59C98500CF7FCD /* CommonCrypto.framework in Frameworks */ = {isa = PBXBuildFile; fileRef = 36BE11111D59C94B00CF7FCD /* CommonCrypto.framework */; };
		36BE11411D59C98500CF7FCD /* MMDB.framework in Frameworks */ = {isa = PBXBuildFile; fileRef = 36BE11131D59C94B00CF7FCD /* MMDB.framework */; };
		36BE11431D59C98500CF7FCD /* Sodium.framework in Frameworks */ = {isa = PBXBuildFile; fileRef = 36BE11151D59C94B00CF7FCD /* Sodium.framework */; };
		36BE11441D59C98500CF7FCD /* Yaml.framework in Frameworks */ = {isa = PBXBuildFile; fileRef = 36BE11161D59C94B00CF7FCD /* Yaml.framework */; };
/* End PBXBuildFile section */

/* Begin PBXCopyFilesBuildPhase section */
		36BE113B1D59C97600CF7FCD /* Embed Frameworks */ = {
			isa = PBXCopyFilesBuildPhase;
			buildActionMask = 2147483647;
			dstPath = "";
			dstSubfolderSpec = 10;
			files = (
				36A719601D5B77F000DC35F5 /* Sparkle.framework in Embed Frameworks */,
				36A719581D5B6A9500DC35F5 /* lwip.framework in Embed Frameworks */,
				36BE11301D59C97500CF7FCD /* CommonCrypto.framework in Embed Frameworks */,
				36A7195C1D5B6A9500DC35F5 /* tun2socks.framework in Embed Frameworks */,
				36BE113A1D59C97600CF7FCD /* Yaml.framework in Embed Frameworks */,
				36BE112C1D59C97500CF7FCD /* CocoaLumberjack.framework in Embed Frameworks */,
				36A7195A1D5B6A9500DC35F5 /* NEKit.framework in Embed Frameworks */,
				36BE112A1D59C97500CF7FCD /* CocoaAsyncSocket.framework in Embed Frameworks */,
				36BE11341D59C97600CF7FCD /* MMDB.framework in Embed Frameworks */,
				36BE11381D59C97600CF7FCD /* Sodium.framework in Embed Frameworks */,
				36BE112E1D59C97500CF7FCD /* CocoaLumberjackSwift.framework in Embed Frameworks */,
			);
			name = "Embed Frameworks";
			runOnlyForDeploymentPostprocessing = 0;
		};
/* End PBXCopyFilesBuildPhase section */

/* Begin PBXFileReference section */
		36A719541D5B6A9500DC35F5 /* lwip.framework */ = {isa = PBXFileReference; lastKnownFileType = wrapper.framework; name = lwip.framework; path = Carthage/Build/Mac/lwip.framework; sourceTree = "<group>"; };
		36A719551D5B6A9500DC35F5 /* NEKit.framework */ = {isa = PBXFileReference; lastKnownFileType = wrapper.framework; name = NEKit.framework; path = Carthage/Build/Mac/NEKit.framework; sourceTree = "<group>"; };
		36A719561D5B6A9500DC35F5 /* tun2socks.framework */ = {isa = PBXFileReference; lastKnownFileType = wrapper.framework; name = tun2socks.framework; path = Carthage/Build/Mac/tun2socks.framework; sourceTree = "<group>"; };
		36A7195E1D5B77F000DC35F5 /* Sparkle.framework */ = {isa = PBXFileReference; lastKnownFileType = wrapper.framework; name = Sparkle.framework; path = Carthage/Build/Mac/Sparkle.framework; sourceTree = "<group>"; };
		36BA0BEF1D599FF40074BEBF /* SpechtLite.app */ = {isa = PBXFileReference; explicitFileType = wrapper.application; includeInIndex = 0; path = SpechtLite.app; sourceTree = BUILT_PRODUCTS_DIR; };
		36BA0BF21D599FF40074BEBF /* AppDelegate.swift */ = {isa = PBXFileReference; lastKnownFileType = sourcecode.swift; path = AppDelegate.swift; sourceTree = "<group>"; };
		36BA0BF41D599FF40074BEBF /* Assets.xcassets */ = {isa = PBXFileReference; lastKnownFileType = folder.assetcatalog; path = Assets.xcassets; sourceTree = "<group>"; };
		36BA0BF71D599FF40074BEBF /* Base */ = {isa = PBXFileReference; lastKnownFileType = file.xib; name = Base; path = Base.lproj/MainMenu.xib; sourceTree = "<group>"; };
		36BA0BF91D599FF40074BEBF /* Info.plist */ = {isa = PBXFileReference; lastKnownFileType = text.plist.xml; path = Info.plist; sourceTree = "<group>"; };
		36BA0BFF1D59A0510074BEBF /* Cartfile */ = {isa = PBXFileReference; fileEncoding = 4; lastKnownFileType = text; path = Cartfile; sourceTree = "<group>"; };
		36BE110E1D59C94B00CF7FCD /* CocoaAsyncSocket.framework */ = {isa = PBXFileReference; lastKnownFileType = wrapper.framework; name = CocoaAsyncSocket.framework; path = Carthage/Build/Mac/CocoaAsyncSocket.framework; sourceTree = "<group>"; };
		36BE110F1D59C94B00CF7FCD /* CocoaLumberjack.framework */ = {isa = PBXFileReference; lastKnownFileType = wrapper.framework; name = CocoaLumberjack.framework; path = Carthage/Build/Mac/CocoaLumberjack.framework; sourceTree = "<group>"; };
		36BE11101D59C94B00CF7FCD /* CocoaLumberjackSwift.framework */ = {isa = PBXFileReference; lastKnownFileType = wrapper.framework; name = CocoaLumberjackSwift.framework; path = Carthage/Build/Mac/CocoaLumberjackSwift.framework; sourceTree = "<group>"; };
		36BE11111D59C94B00CF7FCD /* CommonCrypto.framework */ = {isa = PBXFileReference; lastKnownFileType = wrapper.framework; name = CommonCrypto.framework; path = Carthage/Build/Mac/CommonCrypto.framework; sourceTree = "<group>"; };
		36BE11131D59C94B00CF7FCD /* MMDB.framework */ = {isa = PBXFileReference; lastKnownFileType = wrapper.framework; name = MMDB.framework; path = Carthage/Build/Mac/MMDB.framework; sourceTree = "<group>"; };
		36BE11151D59C94B00CF7FCD /* Sodium.framework */ = {isa = PBXFileReference; lastKnownFileType = wrapper.framework; name = Sodium.framework; path = Carthage/Build/Mac/Sodium.framework; sourceTree = "<group>"; };
		36BE11161D59C94B00CF7FCD /* Yaml.framework */ = {isa = PBXFileReference; lastKnownFileType = wrapper.framework; name = Yaml.framework; path = Carthage/Build/Mac/Yaml.framework; sourceTree = "<group>"; };
/* End PBXFileReference section */

/* Begin PBXFrameworksBuildPhase section */
		36BA0BEC1D599FF40074BEBF /* Frameworks */ = {
			isa = PBXFrameworksBuildPhase;
			buildActionMask = 2147483647;
			files = (
				36A7195F1D5B77F000DC35F5 /* Sparkle.framework in Frameworks */,
				36A719571D5B6A9500DC35F5 /* lwip.framework in Frameworks */,
				36BE113C1D59C98500CF7FCD /* CocoaAsyncSocket.framework in Frameworks */,
				36A7195B1D5B6A9500DC35F5 /* tun2socks.framework in Frameworks */,
				36BE113D1D59C98500CF7FCD /* CocoaLumberjack.framework in Frameworks */,
				36BE113E1D59C98500CF7FCD /* CocoaLumberjackSwift.framework in Frameworks */,
				36A719591D5B6A9500DC35F5 /* NEKit.framework in Frameworks */,
				36BE113F1D59C98500CF7FCD /* CommonCrypto.framework in Frameworks */,
				36BE11411D59C98500CF7FCD /* MMDB.framework in Frameworks */,
				36BE11431D59C98500CF7FCD /* Sodium.framework in Frameworks */,
				36BE11441D59C98500CF7FCD /* Yaml.framework in Frameworks */,
			);
			runOnlyForDeploymentPostprocessing = 0;
		};
/* End PBXFrameworksBuildPhase section */

/* Begin PBXGroup section */
		36A7195D1D5B6EDB00DC35F5 /* Carthage */ = {
			isa = PBXGroup;
			children = (
				36A7195E1D5B77F000DC35F5 /* Sparkle.framework */,
				36A719541D5B6A9500DC35F5 /* lwip.framework */,
				36A719551D5B6A9500DC35F5 /* NEKit.framework */,
				36A719561D5B6A9500DC35F5 /* tun2socks.framework */,
				36BE110E1D59C94B00CF7FCD /* CocoaAsyncSocket.framework */,
				36BE110F1D59C94B00CF7FCD /* CocoaLumberjack.framework */,
				36BE11101D59C94B00CF7FCD /* CocoaLumberjackSwift.framework */,
				36BE11111D59C94B00CF7FCD /* CommonCrypto.framework */,
				36BE11131D59C94B00CF7FCD /* MMDB.framework */,
				36BE11151D59C94B00CF7FCD /* Sodium.framework */,
				36BE11161D59C94B00CF7FCD /* Yaml.framework */,
			);
			name = Carthage;
			sourceTree = "<group>";
		};
		36BA0BE61D599FF40074BEBF = {
			isa = PBXGroup;
			children = (
				36A7195D1D5B6EDB00DC35F5 /* Carthage */,
				36BA0BFF1D59A0510074BEBF /* Cartfile */,
				36BA0BF11D599FF40074BEBF /* SpechtLite */,
				36BA0BF01D599FF40074BEBF /* Products */,
			);
			indentWidth = 4;
			sourceTree = "<group>";
			tabWidth = 4;
			usesTabs = 0;
		};
		36BA0BF01D599FF40074BEBF /* Products */ = {
			isa = PBXGroup;
			children = (
				36BA0BEF1D599FF40074BEBF /* SpechtLite.app */,
			);
			name = Products;
			sourceTree = "<group>";
		};
		36BA0BF11D599FF40074BEBF /* SpechtLite */ = {
			isa = PBXGroup;
			children = (
				36BA0BF21D599FF40074BEBF /* AppDelegate.swift */,
				36BA0BF41D599FF40074BEBF /* Assets.xcassets */,
				36BA0BF61D599FF40074BEBF /* MainMenu.xib */,
				36BA0BF91D599FF40074BEBF /* Info.plist */,
			);
			path = SpechtLite;
			sourceTree = "<group>";
		};
/* End PBXGroup section */

/* Begin PBXNativeTarget section */
		36BA0BEE1D599FF40074BEBF /* SpechtLite */ = {
			isa = PBXNativeTarget;
			buildConfigurationList = 36BA0BFC1D599FF40074BEBF /* Build configuration list for PBXNativeTarget "SpechtLite" */;
			buildPhases = (
				36BA0BEB1D599FF40074BEBF /* Sources */,
				36BA0BEC1D599FF40074BEBF /* Frameworks */,
				36BA0BED1D599FF40074BEBF /* Resources */,
				36BE113B1D59C97600CF7FCD /* Embed Frameworks */,
				D46517B046B7AA200DA7B59F /* Warn for TODO and FIXME comments */,
				EED21ADB33E81805BA20719B /* Set version number */,
			);
			buildRules = (
			);
			dependencies = (
			);
			name = SpechtLite;
			productName = SpechtLite;
			productReference = 36BA0BEF1D599FF40074BEBF /* SpechtLite.app */;
			productType = "com.apple.product-type.application";
		};
/* End PBXNativeTarget section */

/* Begin PBXProject section */
		36BA0BE71D599FF40074BEBF /* Project object */ = {
			isa = PBXProject;
			attributes = {
				LastSwiftUpdateCheck = 0730;
				LastUpgradeCheck = 0730;
				ORGANIZATIONNAME = "Zhuhao Wang";
				TargetAttributes = {
					36BA0BEE1D599FF40074BEBF = {
						CreatedOnToolsVersion = 7.3.1;
						DevelopmentTeam = H5443445N6;
					};
				};
			};
			buildConfigurationList = 36BA0BEA1D599FF40074BEBF /* Build configuration list for PBXProject "SpechtLite" */;
			compatibilityVersion = "Xcode 3.2";
			developmentRegion = English;
			hasScannedForEncodings = 0;
			knownRegions = (
				en,
				Base,
			);
			mainGroup = 36BA0BE61D599FF40074BEBF;
			productRefGroup = 36BA0BF01D599FF40074BEBF /* Products */;
			projectDirPath = "";
			projectRoot = "";
			targets = (
				36BA0BEE1D599FF40074BEBF /* SpechtLite */,
			);
		};
/* End PBXProject section */

/* Begin PBXResourcesBuildPhase section */
		36BA0BED1D599FF40074BEBF /* Resources */ = {
			isa = PBXResourcesBuildPhase;
			buildActionMask = 2147483647;
			files = (
				36BA0BF51D599FF40074BEBF /* Assets.xcassets in Resources */,
				36BA0BF81D599FF40074BEBF /* MainMenu.xib in Resources */,
			);
			runOnlyForDeploymentPostprocessing = 0;
		};
/* End PBXResourcesBuildPhase section */

/* Begin PBXShellScriptBuildPhase section */
		D46517B046B7AA200DA7B59F /* Warn for TODO and FIXME comments */ = {
			isa = PBXShellScriptBuildPhase;
			buildActionMask = 2147483647;
			files = (
			);
			inputPaths = (
			);
			name = "Warn for TODO and FIXME comments";
			outputPaths = (
			);
			runOnlyForDeploymentPostprocessing = 0;
			shellPath = /bin/sh;
			shellScript = "KEYWORDS=\"TODO:|FIXME:|\\?\\?\\?:|\\!\\!\\!:\"\nFILE_EXTENSIONS=\"swift|h|m|mm|c|cpp\"\nfind -E \"${SRCROOT}\" -ipath \"${SRCROOT}/Carthage\" -prune -o -ipath \"${SRCROOT}/pods\" -prune -o \\( -regex \".*\\.($FILE_EXTENSIONS)$\" \\) -print0 | xargs -0 egrep --with-filename --line-number --only-matching \"($KEYWORDS).*\\$\" | perl -p -e \"s/($KEYWORDS)/ warning: \\$1/\"\n";
		};
		EED21ADB33E81805BA20719B /* Set version number */ = {
			isa = PBXShellScriptBuildPhase;
			buildActionMask = 2147483647;
			files = (
			);
			inputPaths = (
			);
			name = "Set version number";
			outputPaths = (
			);
			runOnlyForDeploymentPostprocessing = 0;
			shellPath = /bin/sh;
			shellScript = "git=$(sh /etc/profile; which git)\ngit_release_version=$(\"$git\" describe --tags --always --abbrev=0)\nnumber_of_commits=$(\"$git\" rev-list HEAD --count)\ntarget_plist=\"$TARGET_BUILD_DIR/$INFOPLIST_PATH\"\ndsym_plist=\"$DWARF_DSYM_FOLDER_PATH/$DWARF_DSYM_FILE_NAME/Contents/Info.plist\"\n\nfor plist in \"$target_plist\" \"$dsym_plist\"; do\n  if [ -f \"$plist\" ]; then\n    /usr/libexec/PlistBuddy -c \"Set :CFBundleVersion $number_of_commits\" \"$plist\"\n    /usr/libexec/PlistBuddy -c \"Set :CFBundleShortVersionString ${git_release_version#*v}\" \"$plist\"\n  fi\ndone\n";
		};
/* End PBXShellScriptBuildPhase section */

/* Begin PBXSourcesBuildPhase section */
		36BA0BEB1D599FF40074BEBF /* Sources */ = {
			isa = PBXSourcesBuildPhase;
			buildActionMask = 2147483647;
			files = (
				36BA0BF31D599FF40074BEBF /* AppDelegate.swift in Sources */,
			);
			runOnlyForDeploymentPostprocessing = 0;
		};
/* End PBXSourcesBuildPhase section */

/* Begin PBXVariantGroup section */
		36BA0BF61D599FF40074BEBF /* MainMenu.xib */ = {
			isa = PBXVariantGroup;
			children = (
				36BA0BF71D599FF40074BEBF /* Base */,
			);
			name = MainMenu.xib;
			sourceTree = "<group>";
		};
/* End PBXVariantGroup section */

/* Begin XCBuildConfiguration section */
		36BA0BFA1D599FF40074BEBF /* Debug */ = {
			isa = XCBuildConfiguration;
			buildSettings = {
				ALWAYS_SEARCH_USER_PATHS = NO;
				CLANG_ANALYZER_NONNULL = YES;
				CLANG_CXX_LANGUAGE_STANDARD = "gnu++0x";
				CLANG_CXX_LIBRARY = "libc++";
				CLANG_ENABLE_MODULES = YES;
				CLANG_ENABLE_OBJC_ARC = YES;
				CLANG_WARN_BOOL_CONVERSION = YES;
				CLANG_WARN_CONSTANT_CONVERSION = YES;
				CLANG_WARN_DEPRECATED_OBJC_IMPLEMENTATIONS = YES;
				CLANG_WARN_DIRECT_OBJC_ISA_USAGE = YES_ERROR;
				CLANG_WARN_EMPTY_BODY = YES;
				CLANG_WARN_ENUM_CONVERSION = YES;
				CLANG_WARN_IMPLICIT_SIGN_CONVERSION = YES;
				CLANG_WARN_INT_CONVERSION = YES;
				CLANG_WARN_OBJC_IMPLICIT_RETAIN_SELF = YES;
				CLANG_WARN_OBJC_ROOT_CLASS = YES_ERROR;
				CLANG_WARN_SUSPICIOUS_IMPLICIT_CONVERSION = YES;
				CLANG_WARN_UNREACHABLE_CODE = YES;
				CLANG_WARN__DUPLICATE_METHOD_MATCH = YES;
				CODE_SIGN_IDENTITY = "-";
				COPY_PHASE_STRIP = NO;
				DEBUG_INFORMATION_FORMAT = dwarf;
				ENABLE_STRICT_OBJC_MSGSEND = YES;
				ENABLE_TESTABILITY = YES;
				GCC_C_LANGUAGE_STANDARD = gnu99;
				GCC_DYNAMIC_NO_PIC = NO;
				GCC_NO_COMMON_BLOCKS = YES;
				GCC_OPTIMIZATION_LEVEL = 0;
				GCC_PREPROCESSOR_DEFINITIONS = (
					"DEBUG=1",
					"$(inherited)",
				);
				GCC_WARN_64_TO_32_BIT_CONVERSION = YES;
				GCC_WARN_ABOUT_DEPRECATED_FUNCTIONS = YES;
				GCC_WARN_ABOUT_MISSING_FIELD_INITIALIZERS = YES;
				GCC_WARN_ABOUT_MISSING_NEWLINE = YES;
				GCC_WARN_ABOUT_RETURN_TYPE = YES;
				GCC_WARN_CHECK_SWITCH_STATEMENTS = YES;
				GCC_WARN_INITIALIZER_NOT_FULLY_BRACKETED = YES;
				GCC_WARN_MISSING_PARENTHESES = YES;
				GCC_WARN_SHADOW = YES;
				GCC_WARN_SIGN_COMPARE = YES;
				GCC_WARN_TYPECHECK_CALLS_TO_PRINTF = YES;
				GCC_WARN_UNDECLARED_SELECTOR = YES;
				GCC_WARN_UNINITIALIZED_AUTOS = YES_AGGRESSIVE;
				GCC_WARN_UNUSED_FUNCTION = YES;
				GCC_WARN_UNUSED_LABEL = YES;
				GCC_WARN_UNUSED_VALUE = YES;
				GCC_WARN_UNUSED_VARIABLE = YES;
				MACOSX_DEPLOYMENT_TARGET = 10.11;
				MTL_ENABLE_DEBUG_INFO = YES;
				ONLY_ACTIVE_ARCH = YES;
				SDKROOT = macosx;
				SWIFT_OPTIMIZATION_LEVEL = "-Onone";
			};
			name = Debug;
		};
		36BA0BFB1D599FF40074BEBF /* Release */ = {
			isa = XCBuildConfiguration;
			buildSettings = {
				ALWAYS_SEARCH_USER_PATHS = NO;
				CLANG_ANALYZER_NONNULL = YES;
				CLANG_CXX_LANGUAGE_STANDARD = "gnu++0x";
				CLANG_CXX_LIBRARY = "libc++";
				CLANG_ENABLE_MODULES = YES;
				CLANG_ENABLE_OBJC_ARC = YES;
				CLANG_WARN_BOOL_CONVERSION = YES;
				CLANG_WARN_CONSTANT_CONVERSION = YES;
				CLANG_WARN_DEPRECATED_OBJC_IMPLEMENTATIONS = YES;
				CLANG_WARN_DIRECT_OBJC_ISA_USAGE = YES_ERROR;
				CLANG_WARN_EMPTY_BODY = YES;
				CLANG_WARN_ENUM_CONVERSION = YES;
				CLANG_WARN_IMPLICIT_SIGN_CONVERSION = YES;
				CLANG_WARN_INT_CONVERSION = YES;
				CLANG_WARN_OBJC_IMPLICIT_RETAIN_SELF = YES;
				CLANG_WARN_OBJC_ROOT_CLASS = YES_ERROR;
				CLANG_WARN_SUSPICIOUS_IMPLICIT_CONVERSION = YES;
				CLANG_WARN_UNREACHABLE_CODE = YES;
				CLANG_WARN__DUPLICATE_METHOD_MATCH = YES;
				CODE_SIGN_IDENTITY = "-";
				COPY_PHASE_STRIP = NO;
				DEBUG_INFORMATION_FORMAT = "dwarf-with-dsym";
				ENABLE_NS_ASSERTIONS = NO;
				ENABLE_STRICT_OBJC_MSGSEND = YES;
				GCC_C_LANGUAGE_STANDARD = gnu99;
				GCC_NO_COMMON_BLOCKS = YES;
				GCC_WARN_64_TO_32_BIT_CONVERSION = YES;
				GCC_WARN_ABOUT_DEPRECATED_FUNCTIONS = YES;
				GCC_WARN_ABOUT_MISSING_FIELD_INITIALIZERS = YES;
				GCC_WARN_ABOUT_MISSING_NEWLINE = YES;
				GCC_WARN_ABOUT_RETURN_TYPE = YES;
				GCC_WARN_CHECK_SWITCH_STATEMENTS = YES;
				GCC_WARN_INITIALIZER_NOT_FULLY_BRACKETED = YES;
				GCC_WARN_MISSING_PARENTHESES = YES;
				GCC_WARN_SHADOW = YES;
				GCC_WARN_SIGN_COMPARE = YES;
				GCC_WARN_TYPECHECK_CALLS_TO_PRINTF = YES;
				GCC_WARN_UNDECLARED_SELECTOR = YES;
				GCC_WARN_UNINITIALIZED_AUTOS = YES_AGGRESSIVE;
				GCC_WARN_UNUSED_FUNCTION = YES;
				GCC_WARN_UNUSED_LABEL = YES;
				GCC_WARN_UNUSED_VALUE = YES;
				GCC_WARN_UNUSED_VARIABLE = YES;
				MACOSX_DEPLOYMENT_TARGET = 10.11;
				MTL_ENABLE_DEBUG_INFO = NO;
				SDKROOT = macosx;
			};
			name = Release;
		};
		36BA0BFD1D599FF40074BEBF /* Debug */ = {
			isa = XCBuildConfiguration;
			buildSettings = {
				ASSETCATALOG_COMPILER_APPICON_NAME = AppIcon;
				CODE_SIGN_IDENTITY = "Developer ID Application";
				COMBINE_HIDPI_IMAGES = YES;
				FRAMEWORK_SEARCH_PATHS = (
					"$(inherited)",
					"$(PROJECT_DIR)/Carthage/Build/Mac",
				);
				INFOPLIST_FILE = SpechtLite/Info.plist;
				LD_RUNPATH_SEARCH_PATHS = "$(inherited) @executable_path/../Frameworks";
				PRODUCT_BUNDLE_IDENTIFIER = me.zhuhaow.osx.SpechtLite;
				PRODUCT_NAME = "$(TARGET_NAME)";
			};
			name = Debug;
		};
		36BA0BFE1D599FF40074BEBF /* Release */ = {
			isa = XCBuildConfiguration;
			buildSettings = {
				ASSETCATALOG_COMPILER_APPICON_NAME = AppIcon;
				CODE_SIGN_IDENTITY = "Developer ID Application";
				COMBINE_HIDPI_IMAGES = YES;
				FRAMEWORK_SEARCH_PATHS = (
					"$(inherited)",
					"$(PROJECT_DIR)/Carthage/Build/Mac",
				);
				GCC_TREAT_WARNINGS_AS_ERRORS = YES;
				INFOPLIST_FILE = SpechtLite/Info.plist;
				LD_RUNPATH_SEARCH_PATHS = "$(inherited) @executable_path/../Frameworks";
				PRODUCT_BUNDLE_IDENTIFIER = me.zhuhaow.osx.SpechtLite;
				PRODUCT_NAME = "$(TARGET_NAME)";
			};
			name = Release;
		};
/* End XCBuildConfiguration section */

/* Begin XCConfigurationList section */
		36BA0BEA1D599FF40074BEBF /* Build configuration list for PBXProject "SpechtLite" */ = {
			isa = XCConfigurationList;
			buildConfigurations = (
				36BA0BFA1D599FF40074BEBF /* Debug */,
				36BA0BFB1D599FF40074BEBF /* Release */,
			);
			defaultConfigurationIsVisible = 0;
			defaultConfigurationName = Release;
		};
		36BA0BFC1D599FF40074BEBF /* Build configuration list for PBXNativeTarget "SpechtLite" */ = {
			isa = XCConfigurationList;
			buildConfigurations = (
				36BA0BFD1D599FF40074BEBF /* Debug */,
				36BA0BFE1D599FF40074BEBF /* Release */,
			);
			defaultConfigurationIsVisible = 0;
			defaultConfigurationName = Release;
		};
/* End XCConfigurationList section */
	};
	rootObject = 36BA0BE71D599FF40074BEBF /* Project object */;
}
